
Microsoft Visual Studio Solution File, Format Version 12.00
# Visual Studio 15
VisualStudioVersion = 15.0.27703.2035
MinimumVisualStudioVersion = 10.0.40219.1
Project("{FAE04EC0-301F-11D3-BF4B-00C04F79EFBC}") = "UpdateDate", "UpdateDate\UpdateDate.csproj", "{9DB2DA83-3404-4308-A80E-2D762B05BECD}"
EndProject
Project("{FAE04EC0-301F-11D3-BF4B-00C04F79EFBC}") = "UpdateDateFromFolder", "UpdateDateFromFolder\UpdateDateFromFolder.csproj", "{64BA4E17-6B59-461C-9EB7-AA118713DADD}"
EndProject
Global
	GlobalSection(SolutionConfigurationPlatforms) = preSolution
		Debug|Any CPU = Debug|Any CPU
		Release|Any CPU = Release|Any CPU
	EndGlobalSection
	GlobalSection(ProjectConfigurationPlatforms) = postSolution
		{9DB2DA83-3404-4308-A80E-2D762B05BECD}.Debug|Any CPU.ActiveCfg = Debug|Any CPU
		{9DB2DA83-3404-4308-A80E-2D762B05BECD}.Debug|Any CPU.Build.0 = Debug|Any CPU
		{9DB2DA83-3404-4308-A80E-2D762B05BECD}.Release|Any CPU.ActiveCfg = Release|Any CPU
		{9DB2DA83-3404-4308-A80E-2D762B05BECD}.Release|Any CPU.Build.0 = Release|Any CPU
		{64BA4E17-6B59-461C-9EB7-AA118713DADD}.Debug|Any CPU.ActiveCfg = Debug|Any CPU
		{64BA4E17-6B59-461C-9EB7-AA118713DADD}.Debug|Any CPU.Build.0 = Debug|Any CPU
		{64BA4E17-6B59-461C-9EB7-AA118713DADD}.Release|Any CPU.ActiveCfg = Release|Any CPU
		{64BA4E17-6B59-461C-9EB7-AA118713DADD}.Release|Any CPU.Build.0 = Release|Any CPU
	EndGlobalSection
	GlobalSection(SolutionProperties) = preSolution
		HideSolutionNode = FALSE
	EndGlobalSection
	GlobalSection(ExtensibilityGlobals) = postSolution
		SolutionGuid = {2648A863-A58C-48FF-A5D6-806E5553BD66}
	EndGlobalSection
EndGlobal
